
Microsoft Visual Studio Solution File, Format Version 12.00
# Visual Studio 15
VisualStudioVersion = 15.0.27703.2042
MinimumVisualStudioVersion = 10.0.40219.1
Project("{FAE04EC0-301F-11D3-BF4B-00C04F79EFBC}") = "ContosoUniversity", "ContosoUniversity\ContosoUniversity.csproj", "{978F8E86-5086-4187-ABC2-33172018BEEF}"
EndProject
Global
	GlobalSection(SolutionConfigurationPlatforms) = preSolution
		Debug|Any CPU = Debug|Any CPU
		Release|Any CPU = Release|Any CPU
	EndGlobalSection
	GlobalSection(ProjectConfigurationPlatforms) = postSolution
		{978F8E86-5086-4187-ABC2-33172018BEEF}.Debug|Any CPU.ActiveCfg = Debug|Any CPU
		{978F8E86-5086-4187-ABC2-33172018BEEF}.Debug|Any CPU.Build.0 = Debug|Any CPU
		{978F8E86-5086-4187-ABC2-33172018BEEF}.Release|Any CPU.ActiveCfg = Release|Any CPU
		{978F8E86-5086-4187-ABC2-33172018BEEF}.Release|Any CPU.Build.0 = Release|Any CPU
	EndGlobalSection
	GlobalSection(SolutionProperties) = preSolution
		HideSolutionNode = FALSE
	EndGlobalSection
	GlobalSection(ExtensibilityGlobals) = postSolution
		SolutionGuid = {CB84B243-7E97-44D6-AED2-78983545C974}
	EndGlobalSection
EndGlobal
